
Microsoft Visual Studio Solution File, Format Version 12.00
# Visual Studio Version 17
VisualStudioVersion = 17.7.34031.279
MinimumVisualStudioVersion = 10.0.40219.1
Project("{9A19103F-16F7-4668-BE54-9A1E7A4F7556}") = "Common", "Common\Common.csproj", "{D19D92E1-8DC5-4A4D-9402-B59E44402D54}"
EndProject
Project("{FAE04EC0-301F-11D3-BF4B-00C04F79EFBC}") = "HTF2023", "HTF2023\HTF2023.csproj", "{732DE5D3-B6BA-4574-8043-3B351A6B502E}"
EndProject
Global
	GlobalSection(SolutionConfigurationPlatforms) = preSolution
		Debug|Any CPU = Debug|Any CPU
		Release|Any CPU = Release|Any CPU
	EndGlobalSection
	GlobalSection(ProjectConfigurationPlatforms) = postSolution
		{D19D92E1-8DC5-4A4D-9402-B59E44402D54}.Debug|Any CPU.ActiveCfg = Debug|Any CPU
		{D19D92E1-8DC5-4A4D-9402-B59E44402D54}.Debug|Any CPU.Build.0 = Debug|Any CPU
		{D19D92E1-8DC5-4A4D-9402-B59E44402D54}.Release|Any CPU.ActiveCfg = Release|Any CPU
		{D19D92E1-8DC5-4A4D-9402-B59E44402D54}.Release|Any CPU.Build.0 = Release|Any CPU
		{732DE5D3-B6BA-4574-8043-3B351A6B502E}.Debug|Any CPU.ActiveCfg = Debug|Any CPU
		{732DE5D3-B6BA-4574-8043-3B351A6B502E}.Debug|Any CPU.Build.0 = Debug|Any CPU
		{732DE5D3-B6BA-4574-8043-3B351A6B502E}.Release|Any CPU.ActiveCfg = Release|Any CPU
		{732DE5D3-B6BA-4574-8043-3B351A6B502E}.Release|Any CPU.Build.0 = Release|Any CPU
	EndGlobalSection
	GlobalSection(SolutionProperties) = preSolution
		HideSolutionNode = FALSE
	EndGlobalSection
EndGlobal
